
Microsoft Visual Studio Solution File, Format Version 12.00
# Visual Studio Version 17
VisualStudioVersion = 17.3.32929.385
MinimumVisualStudioVersion = 10.0.40219.1
Project("{9A19103F-16F7-4668-BE54-9A1E7A4F7556}") = "ShoppingListApp.Presentation", "ShoppingListApp.Presentation\ShoppingListApp.Presentation.csproj", "{276D85E6-0985-43A0-BCAC-08DF8DDC43D4}"
EndProject
Project("{9A19103F-16F7-4668-BE54-9A1E7A4F7556}") = "ShoppingListApp.Domain", "ShoppingListApp.Domain\ShoppingListApp.Domain.csproj", "{9B0B204A-ACFE-4224-9945-0EE40BA8E182}"
EndProject
Project("{9A19103F-16F7-4668-BE54-9A1E7A4F7556}") = "ShoppingListApp.Business", "ShoppingListApp.Business\ShoppingListApp.Business.csproj", "{83F702C3-7E04-489E-A3B4-72F3597E66A9}"
EndProject
Project("{9A19103F-16F7-4668-BE54-9A1E7A4F7556}") = "ShoppingListApp.Data", "ShoppingListApp.Data\ShoppingListApp.Data.csproj", "{2DF1C2CE-D27F-4E8B-A698-7C2132F6C841}"
EndProject
Project("{FAE04EC0-301F-11D3-BF4B-00C04F79EFBC}") = "ShoppingListApp.Presentation.Tests", "ShoppingListApp.Presentation.Tests\ShoppingListApp.Presentation.Tests.csproj", "{B0A987EF-2E79-49B6-8698-4F9F64D7B6FC}"
	ProjectSection(ProjectDependencies) = postProject
		{276D85E6-0985-43A0-BCAC-08DF8DDC43D4} = {276D85E6-0985-43A0-BCAC-08DF8DDC43D4}
	EndProjectSection
EndProject
Global
	GlobalSection(SolutionConfigurationPlatforms) = preSolution
		Debug|Any CPU = Debug|Any CPU
		Release|Any CPU = Release|Any CPU
	EndGlobalSection
	GlobalSection(ProjectConfigurationPlatforms) = postSolution
		{276D85E6-0985-43A0-BCAC-08DF8DDC43D4}.Debug|Any CPU.ActiveCfg = Debug|Any CPU
		{276D85E6-0985-43A0-BCAC-08DF8DDC43D4}.Debug|Any CPU.Build.0 = Debug|Any CPU
		{276D85E6-0985-43A0-BCAC-08DF8DDC43D4}.Release|Any CPU.ActiveCfg = Release|Any CPU
		{276D85E6-0985-43A0-BCAC-08DF8DDC43D4}.Release|Any CPU.Build.0 = Release|Any CPU
		{9B0B204A-ACFE-4224-9945-0EE40BA8E182}.Debug|Any CPU.ActiveCfg = Debug|Any CPU
		{9B0B204A-ACFE-4224-9945-0EE40BA8E182}.Debug|Any CPU.Build.0 = Debug|Any CPU
		{9B0B204A-ACFE-4224-9945-0EE40BA8E182}.Release|Any CPU.ActiveCfg = Release|Any CPU
		{9B0B204A-ACFE-4224-9945-0EE40BA8E182}.Release|Any CPU.Build.0 = Release|Any CPU
		{83F702C3-7E04-489E-A3B4-72F3597E66A9}.Debug|Any CPU.ActiveCfg = Debug|Any CPU
		{83F702C3-7E04-489E-A3B4-72F3597E66A9}.Debug|Any CPU.Build.0 = Debug|Any CPU
		{83F702C3-7E04-489E-A3B4-72F3597E66A9}.Release|Any CPU.ActiveCfg = Release|Any CPU
		{83F702C3-7E04-489E-A3B4-72F3597E66A9}.Release|Any CPU.Build.0 = Release|Any CPU
		{2DF1C2CE-D27F-4E8B-A698-7C2132F6C841}.Debug|Any CPU.ActiveCfg = Debug|Any CPU
		{2DF1C2CE-D27F-4E8B-A698-7C2132F6C841}.Debug|Any CPU.Build.0 = Debug|Any CPU
		{2DF1C2CE-D27F-4E8B-A698-7C2132F6C841}.Release|Any CPU.ActiveCfg = Release|Any CPU
		{2DF1C2CE-D27F-4E8B-A698-7C2132F6C841}.Release|Any CPU.Build.0 = Release|Any CPU
		{B0A987EF-2E79-49B6-8698-4F9F64D7B6FC}.Debug|Any CPU.ActiveCfg = Debug|Any CPU
		{B0A987EF-2E79-49B6-8698-4F9F64D7B6FC}.Debug|Any CPU.Build.0 = Debug|Any CPU
		{B0A987EF-2E79-49B6-8698-4F9F64D7B6FC}.Release|Any CPU.ActiveCfg = Release|Any CPU
		{B0A987EF-2E79-49B6-8698-4F9F64D7B6FC}.Release|Any CPU.Build.0 = Release|Any CPU
	EndGlobalSection
	GlobalSection(SolutionProperties) = preSolution
		HideSolutionNode = FALSE
	EndGlobalSection
	GlobalSection(ExtensibilityGlobals) = postSolution
		SolutionGuid = {8ED3BAC9-ACAF-4EB0-B511-7C216DE2B59C}
	EndGlobalSection
EndGlobal
